
Microsoft Visual Studio Solution File, Format Version 11.00
# Visual Studio 2010
Project("{8BC9CEB8-8B4A-11D0-8D11-00A0C91BC942}") = "lab3b", "lab3b\lab3b.vcxproj", "{C9472CE9-2520-4817-84E7-A7074A0E4ECA}"
EndProject
Global
	GlobalSection(SolutionConfigurationPlatforms) = preSolution
		Debug|Win32 = Debug|Win32
		Release|Win32 = Release|Win32
	EndGlobalSection
	GlobalSection(ProjectConfigurationPlatforms) = postSolution
		{C9472CE9-2520-4817-84E7-A7074A0E4ECA}.Debug|Win32.ActiveCfg = Debug|Win32
		{C9472CE9-2520-4817-84E7-A7074A0E4ECA}.Debug|Win32.Build.0 = Debug|Win32
		{C9472CE9-2520-4817-84E7-A7074A0E4ECA}.Release|Win32.ActiveCfg = Release|Win32
		{C9472CE9-2520-4817-84E7-A7074A0E4ECA}.Release|Win32.Build.0 = Release|Win32
	EndGlobalSection
	GlobalSection(SolutionProperties) = preSolution
		HideSolutionNode = FALSE
	EndGlobalSection
EndGlobal
